// !$*UTF8*$!
{
	archiveVersion = 1;
	classes = {
	};
	objectVersion = 56;
	objects = {

/* Begin PBXBuildFile section */
		8089EE36299D89900085A80A /* AppDelegate.swift in Sources */ = {isa = PBXBuildFile; fileRef = 8089EE35299D89900085A80A /* AppDelegate.swift */; };
		8089EE38299D89900085A80A /* SceneDelegate.swift in Sources */ = {isa = PBXBuildFile; fileRef = 8089EE37299D89900085A80A /* SceneDelegate.swift */; };
		8089EE3A299D89900085A80A /* ViewController.swift in Sources */ = {isa = PBXBuildFile; fileRef = 8089EE39299D89900085A80A /* ViewController.swift */; };
		8089EE3D299D89900085A80A /* Main.storyboard in Resources */ = {isa = PBXBuildFile; fileRef = 8089EE3B299D89900085A80A /* Main.storyboard */; };
		8089EE3F299D89920085A80A /* Assets.xcassets in Resources */ = {isa = PBXBuildFile; fileRef = 8089EE3E299D89920085A80A /* Assets.xcassets */; };
		8089EE42299D89920085A80A /* LaunchScreen.storyboard in Resources */ = {isa = PBXBuildFile; fileRef = 8089EE40299D89920085A80A /* LaunchScreen.storyboard */; };
		8089EE4D299D89920085A80A /* NewsAppTests.swift in Sources */ = {isa = PBXBuildFile; fileRef = 8089EE4C299D89920085A80A /* NewsAppTests.swift */; };
		8089EE66299D8A2A0085A80A /* NewsTableViewCell.swift in Sources */ = {isa = PBXBuildFile; fileRef = 8089EE65299D8A2A0085A80A /* NewsTableViewCell.swift */; };
		8089EE68299D8A500085A80A /* APICaller.swift in Sources */ = {isa = PBXBuildFile; fileRef = 8089EE67299D8A500085A80A /* APICaller.swift */; };
		8089EE6A299D8A830085A80A /* APIResponse.swift in Sources */ = {isa = PBXBuildFile; fileRef = 8089EE69299D8A830085A80A /* APIResponse.swift */; };
		8089EE6C299D8A9A0085A80A /* Article.swift in Sources */ = {isa = PBXBuildFile; fileRef = 8089EE6B299D8A9A0085A80A /* Article.swift */; };
		8089EE6E299D8AA80085A80A /* Source.swift in Sources */ = {isa = PBXBuildFile; fileRef = 8089EE6D299D8AA80085A80A /* Source.swift */; };
		8089EE70299D8AC60085A80A /* NewsTableViewCellViewModel.swift in Sources */ = {isa = PBXBuildFile; fileRef = 8089EE6F299D8AC60085A80A /* NewsTableViewCellViewModel.swift */; };
/* End PBXBuildFile section */

/* Begin PBXContainerItemProxy section */
		8089EE49299D89920085A80A /* PBXContainerItemProxy */ = {
			isa = PBXContainerItemProxy;
			containerPortal = 8089EE2A299D89900085A80A /* Project object */;
			proxyType = 1;
			remoteGlobalIDString = 8089EE31299D89900085A80A;
			remoteInfo = NewsApp;
		};
		8089EE53299D89920085A80A /* PBXContainerItemProxy */ = {
			isa = PBXContainerItemProxy;
			containerPortal = 8089EE2A299D89900085A80A /* Project object */;
			proxyType = 1;
			remoteGlobalIDString = 8089EE31299D89900085A80A;
			remoteInfo = NewsApp;
		};
/* End PBXContainerItemProxy section */

/* Begin PBXFileReference section */
		8089EE32299D89900085A80A /* NewsApp.app */ = {isa = PBXFileReference; explicitFileType = wrapper.application; includeInIndex = 0; path = NewsApp.app; sourceTree = BUILT_PRODUCTS_DIR; };
		8089EE35299D89900085A80A /* AppDelegate.swift */ = {isa = PBXFileReference; lastKnownFileType = sourcecode.swift; path = AppDelegate.swift; sourceTree = "<group>"; };
		8089EE37299D89900085A80A /* SceneDelegate.swift */ = {isa = PBXFileReference; lastKnownFileType = sourcecode.swift; path = SceneDelegate.swift; sourceTree = "<group>"; };
		8089EE39299D89900085A80A /* ViewController.swift */ = {isa = PBXFileReference; lastKnownFileType = sourcecode.swift; path = ViewController.swift; sourceTree = "<group>"; };
		8089EE3C299D89900085A80A /* Base */ = {isa = PBXFileReference; lastKnownFileType = file.storyboard; name = Base; path = Base.lproj/Main.storyboard; sourceTree = "<group>"; };
		8089EE3E299D89920085A80A /* Assets.xcassets */ = {isa = PBXFileReference; lastKnownFileType = folder.assetcatalog; path = Assets.xcassets; sourceTree = "<group>"; };
		8089EE41299D89920085A80A /* Base */ = {isa = PBXFileReference; lastKnownFileType = file.storyboard; name = Base; path = Base.lproj/LaunchScreen.storyboard; sourceTree = "<group>"; };
		8089EE43299D89920085A80A /* Info.plist */ = {isa = PBXFileReference; lastKnownFileType = text.plist.xml; path = Info.plist; sourceTree = "<group>"; };
		8089EE48299D89920085A80A /* NewsAppTests.xctest */ = {isa = PBXFileReference; explicitFileType = wrapper.cfbundle; includeInIndex = 0; path = NewsAppTests.xctest; sourceTree = BUILT_PRODUCTS_DIR; };
		8089EE4C299D89920085A80A /* NewsAppTests.swift */ = {isa = PBXFileReference; lastKnownFileType = sourcecode.swift; path = NewsAppTests.swift; sourceTree = "<group>"; };
		8089EE52299D89920085A80A /* NewsAppUITests.xctest */ = {isa = PBXFileReference; explicitFileType = wrapper.cfbundle; includeInIndex = 0; path = NewsAppUITests.xctest; sourceTree = BUILT_PRODUCTS_DIR; };
		8089EE65299D8A2A0085A80A /* NewsTableViewCell.swift */ = {isa = PBXFileReference; lastKnownFileType = sourcecode.swift; path = NewsTableViewCell.swift; sourceTree = "<group>"; };
		8089EE67299D8A500085A80A /* APICaller.swift */ = {isa = PBXFileReference; lastKnownFileType = sourcecode.swift; path = APICaller.swift; sourceTree = "<group>"; };
		8089EE69299D8A830085A80A /* APIResponse.swift */ = {isa = PBXFileReference; lastKnownFileType = sourcecode.swift; path = APIResponse.swift; sourceTree = "<group>"; };
		8089EE6B299D8A9A0085A80A /* Article.swift */ = {isa = PBXFileReference; lastKnownFileType = sourcecode.swift; path = Article.swift; sourceTree = "<group>"; };
		8089EE6D299D8AA80085A80A /* Source.swift */ = {isa = PBXFileReference; lastKnownFileType = sourcecode.swift; path = Source.swift; sourceTree = "<group>"; };
		8089EE6F299D8AC60085A80A /* NewsTableViewCellViewModel.swift */ = {isa = PBXFileReference; lastKnownFileType = sourcecode.swift; path = NewsTableViewCellViewModel.swift; sourceTree = "<group>"; };
/* End PBXFileReference section */

/* Begin PBXFrameworksBuildPhase section */
		8089EE2F299D89900085A80A /* Frameworks */ = {
			isa = PBXFrameworksBuildPhase;
			buildActionMask = 2147483647;
			files = (
			);
			runOnlyForDeploymentPostprocessing = 0;
		};
		8089EE45299D89920085A80A /* Frameworks */ = {
			isa = PBXFrameworksBuildPhase;
			buildActionMask = 2147483647;
			files = (
			);
			runOnlyForDeploymentPostprocessing = 0;
		};
		8089EE4F299D89920085A80A /* Frameworks */ = {
			isa = PBXFrameworksBuildPhase;
			buildActionMask = 2147483647;
			files = (
			);
			runOnlyForDeploymentPostprocessing = 0;
		};
/* End PBXFrameworksBuildPhase section */

/* Begin PBXGroup section */
		8089EE29299D89900085A80A = {
			isa = PBXGroup;
			children = (
				8089EE34299D89900085A80A /* NewsApp */,
				8089EE4B299D89920085A80A /* NewsAppTests */,
				8089EE33299D89900085A80A /* Products */,
			);
			sourceTree = "<group>";
		};
		8089EE33299D89900085A80A /* Products */ = {
			isa = PBXGroup;
			children = (
				8089EE32299D89900085A80A /* NewsApp.app */,
				8089EE48299D89920085A80A /* NewsAppTests.xctest */,
				8089EE52299D89920085A80A /* NewsAppUITests.xctest */,
			);
			name = Products;
			sourceTree = "<group>";
		};
		8089EE34299D89900085A80A /* NewsApp */ = {
			isa = PBXGroup;
			children = (
				8089EE35299D89900085A80A /* AppDelegate.swift */,
				8089EE37299D89900085A80A /* SceneDelegate.swift */,
				8089EE39299D89900085A80A /* ViewController.swift */,
				8089EE65299D8A2A0085A80A /* NewsTableViewCell.swift */,
				8089EE67299D8A500085A80A /* APICaller.swift */,
				8089EE71299D8AE50085A80A /* Model */,
				8089EE73299D8B050085A80A /* View */,
				8089EE72299D8AF20085A80A /* ViewModel */,
				8089EE3E299D89920085A80A /* Assets.xcassets */,
				8089EE43299D89920085A80A /* Info.plist */,
			);
			path = NewsApp;
			sourceTree = "<group>";
		};
		8089EE4B299D89920085A80A /* NewsAppTests */ = {
			isa = PBXGroup;
			children = (
				8089EE4C299D89920085A80A /* NewsAppTests.swift */,
			);
			path = NewsAppTests;
			sourceTree = "<group>";
		};
		8089EE71299D8AE50085A80A /* Model */ = {
			isa = PBXGroup;
			children = (
				8089EE69299D8A830085A80A /* APIResponse.swift */,
				8089EE6B299D8A9A0085A80A /* Article.swift */,
				8089EE6D299D8AA80085A80A /* Source.swift */,
			);
			path = Model;
			sourceTree = "<group>";
		};
		8089EE72299D8AF20085A80A /* ViewModel */ = {
			isa = PBXGroup;
			children = (
				8089EE6F299D8AC60085A80A /* NewsTableViewCellViewModel.swift */,
			);
			path = ViewModel;
			sourceTree = "<group>";
		};
		8089EE73299D8B050085A80A /* View */ = {
			isa = PBXGroup;
			children = (
				8089EE3B299D89900085A80A /* Main.storyboard */,
				8089EE40299D89920085A80A /* LaunchScreen.storyboard */,
			);
			path = View;
			sourceTree = "<group>";
		};
/* End PBXGroup section */

/* Begin PBXNativeTarget section */
		8089EE31299D89900085A80A /* NewsApp */ = {
			isa = PBXNativeTarget;
			buildConfigurationList = 8089EE5C299D89920085A80A /* Build configuration list for PBXNativeTarget "NewsApp" */;
			buildPhases = (
				8089EE2E299D89900085A80A /* Sources */,
				8089EE2F299D89900085A80A /* Frameworks */,
				8089EE30299D89900085A80A /* Resources */,
			);
			buildRules = (
			);
			dependencies = (
			);
			name = NewsApp;
			productName = NewsApp;
			productReference = 8089EE32299D89900085A80A /* NewsApp.app */;
			productType = "com.apple.product-type.application";
		};
		8089EE47299D89920085A80A /* NewsAppTests */ = {
			isa = PBXNativeTarget;
			buildConfigurationList = 8089EE5F299D89920085A80A /* Build configuration list for PBXNativeTarget "NewsAppTests" */;
			buildPhases = (
				8089EE44299D89920085A80A /* Sources */,
				8089EE45299D89920085A80A /* Frameworks */,
				8089EE46299D89920085A80A /* Resources */,
			);
			buildRules = (
			);
			dependencies = (
				8089EE4A299D89920085A80A /* PBXTargetDependency */,
			);
			name = NewsAppTests;
			productName = NewsAppTests;
			productReference = 8089EE48299D89920085A80A /* NewsAppTests.xctest */;
			productType = "com.apple.product-type.bundle.unit-test";
		};
		8089EE51299D89920085A80A /* NewsAppUITests */ = {
			isa = PBXNativeTarget;
			buildConfigurationList = 8089EE62299D89920085A80A /* Build configuration list for PBXNativeTarget "NewsAppUITests" */;
			buildPhases = (
				8089EE4E299D89920085A80A /* Sources */,
				8089EE4F299D89920085A80A /* Frameworks */,
				8089EE50299D89920085A80A /* Resources */,
			);
			buildRules = (
			);
			dependencies = (
				8089EE54299D89920085A80A /* PBXTargetDependency */,
			);
			name = NewsAppUITests;
			productName = NewsAppUITests;
			productReference = 8089EE52299D89920085A80A /* NewsAppUITests.xctest */;
			productType = "com.apple.product-type.bundle.ui-testing";
		};
/* End PBXNativeTarget section */

/* Begin PBXProject section */
		8089EE2A299D89900085A80A /* Project object */ = {
			isa = PBXProject;
			attributes = {
				BuildIndependentTargetsInParallel = 1;
				LastSwiftUpdateCheck = 1400;
				LastUpgradeCheck = 1400;
				TargetAttributes = {
					8089EE31299D89900085A80A = {
						CreatedOnToolsVersion = 14.0;
					};
					8089EE47299D89920085A80A = {
						CreatedOnToolsVersion = 14.0;
						TestTargetID = 8089EE31299D89900085A80A;
					};
					8089EE51299D89920085A80A = {
						CreatedOnToolsVersion = 14.0;
						TestTargetID = 8089EE31299D89900085A80A;
					};
				};
			};
			buildConfigurationList = 8089EE2D299D89900085A80A /* Build configuration list for PBXProject "NewsApp" */;
			compatibilityVersion = "Xcode 14.0";
			developmentRegion = en;
			hasScannedForEncodings = 0;
			knownRegions = (
				en,
				Base,
			);
			mainGroup = 8089EE29299D89900085A80A;
			productRefGroup = 8089EE33299D89900085A80A /* Products */;
			projectDirPath = "";
			projectRoot = "";
			targets = (
				8089EE31299D89900085A80A /* NewsApp */,
				8089EE47299D89920085A80A /* NewsAppTests */,
				8089EE51299D89920085A80A /* NewsAppUITests */,
			);
		};
/* End PBXProject section */

/* Begin PBXResourcesBuildPhase section */
		8089EE30299D89900085A80A /* Resources */ = {
			isa = PBXResourcesBuildPhase;
			buildActionMask = 2147483647;
			files = (
				8089EE42299D89920085A80A /* LaunchScreen.storyboard in Resources */,
				8089EE3F299D89920085A80A /* Assets.xcassets in Resources */,
				8089EE3D299D89900085A80A /* Main.storyboard in Resources */,
			);
			runOnlyForDeploymentPostprocessing = 0;
		};
		8089EE46299D89920085A80A /* Resources */ = {
			isa = PBXResourcesBuildPhase;
			buildActionMask = 2147483647;
			files = (
			);
			runOnlyForDeploymentPostprocessing = 0;
		};
		8089EE50299D89920085A80A /* Resources */ = {
			isa = PBXResourcesBuildPhase;
			buildActionMask = 2147483647;
			files = (
			);
			runOnlyForDeploymentPostprocessing = 0;
		};
/* End PBXResourcesBuildPhase section */

/* Begin PBXSourcesBuildPhase section */
		8089EE2E299D89900085A80A /* Sources */ = {
			isa = PBXSourcesBuildPhase;
			buildActionMask = 2147483647;
			files = (
				8089EE6E299D8AA80085A80A /* Source.swift in Sources */,
				8089EE70299D8AC60085A80A /* NewsTableViewCellViewModel.swift in Sources */,
				8089EE6C299D8A9A0085A80A /* Article.swift in Sources */,
				8089EE3A299D89900085A80A /* ViewController.swift in Sources */,
				8089EE36299D89900085A80A /* AppDelegate.swift in Sources */,
				8089EE66299D8A2A0085A80A /* NewsTableViewCell.swift in Sources */,
				8089EE68299D8A500085A80A /* APICaller.swift in Sources */,
				8089EE38299D89900085A80A /* SceneDelegate.swift in Sources */,
				8089EE6A299D8A830085A80A /* APIResponse.swift in Sources */,
			);
			runOnlyForDeploymentPostprocessing = 0;
		};
		8089EE44299D89920085A80A /* Sources */ = {
			isa = PBXSourcesBuildPhase;
			buildActionMask = 2147483647;
			files = (
				8089EE4D299D89920085A80A /* NewsAppTests.swift in Sources */,
			);
			runOnlyForDeploymentPostprocessing = 0;
		};
		8089EE4E299D89920085A80A /* Sources */ = {
			isa = PBXSourcesBuildPhase;
			buildActionMask = 2147483647;
			files = (
			);
			runOnlyForDeploymentPostprocessing = 0;
		};
/* End PBXSourcesBuildPhase section */

/* Begin PBXTargetDependency section */
		8089EE4A299D89920085A80A /* PBXTargetDependency */ = {
			isa = PBXTargetDependency;
			target = 8089EE31299D89900085A80A /* NewsApp */;
			targetProxy = 8089EE49299D89920085A80A /* PBXContainerItemProxy */;
		};
		8089EE54299D89920085A80A /* PBXTargetDependency */ = {
			isa = PBXTargetDependency;
			target = 8089EE31299D89900085A80A /* NewsApp */;
			targetProxy = 8089EE53299D89920085A80A /* PBXContainerItemProxy */;
		};
/* End PBXTargetDependency section */

/* Begin PBXVariantGroup section */
		8089EE3B299D89900085A80A /* Main.storyboard */ = {
			isa = PBXVariantGroup;
			children = (
				8089EE3C299D89900085A80A /* Base */,
			);
			name = Main.storyboard;
			sourceTree = "<group>";
		};
		8089EE40299D89920085A80A /* LaunchScreen.storyboard */ = {
			isa = PBXVariantGroup;
			children = (
				8089EE41299D89920085A80A /* Base */,
			);
			name = LaunchScreen.storyboard;
			sourceTree = "<group>";
		};
/* End PBXVariantGroup section */

/* Begin XCBuildConfiguration section */
		8089EE5A299D89920085A80A /* Debug */ = {
			isa = XCBuildConfiguration;
			buildSettings = {
				ALWAYS_SEARCH_USER_PATHS = NO;
				CLANG_ANALYZER_NONNULL = YES;
				CLANG_ANALYZER_NUMBER_OBJECT_CONVERSION = YES_AGGRESSIVE;
				CLANG_CXX_LANGUAGE_STANDARD = "gnu++20";
				CLANG_ENABLE_MODULES = YES;
				CLANG_ENABLE_OBJC_ARC = YES;
				CLANG_ENABLE_OBJC_WEAK = YES;
				CLANG_WARN_BLOCK_CAPTURE_AUTORELEASING = YES;
				CLANG_WARN_BOOL_CONVERSION = YES;
				CLANG_WARN_COMMA = YES;
				CLANG_WARN_CONSTANT_CONVERSION = YES;
				CLANG_WARN_DEPRECATED_OBJC_IMPLEMENTATIONS = YES;
				CLANG_WARN_DIRECT_OBJC_ISA_USAGE = YES_ERROR;
				CLANG_WARN_DOCUMENTATION_COMMENTS = YES;
				CLANG_WARN_EMPTY_BODY = YES;
				CLANG_WARN_ENUM_CONVERSION = YES;
				CLANG_WARN_INFINITE_RECURSION = YES;
				CLANG_WARN_INT_CONVERSION = YES;
				CLANG_WARN_NON_LITERAL_NULL_CONVERSION = YES;
				CLANG_WARN_OBJC_IMPLICIT_RETAIN_SELF = YES;
				CLANG_WARN_OBJC_LITERAL_CONVERSION = YES;
				CLANG_WARN_OBJC_ROOT_CLASS = YES_ERROR;
				CLANG_WARN_QUOTED_INCLUDE_IN_FRAMEWORK_HEADER = YES;
				CLANG_WARN_RANGE_LOOP_ANALYSIS = YES;
				CLANG_WARN_STRICT_PROTOTYPES = YES;
				CLANG_WARN_SUSPICIOUS_MOVE = YES;
				CLANG_WARN_UNGUARDED_AVAILABILITY = YES_AGGRESSIVE;
				CLANG_WARN_UNREACHABLE_CODE = YES;
				CLANG_WARN__DUPLICATE_METHOD_MATCH = YES;
				COPY_PHASE_STRIP = NO;
				DEBUG_INFORMATION_FORMAT = dwarf;
				ENABLE_STRICT_OBJC_MSGSEND = YES;
				ENABLE_TESTABILITY = YES;
				GCC_C_LANGUAGE_STANDARD = gnu11;
				GCC_DYNAMIC_NO_PIC = NO;
				GCC_NO_COMMON_BLOCKS = YES;
				GCC_OPTIMIZATION_LEVEL = 0;
				GCC_PREPROCESSOR_DEFINITIONS = (
					"DEBUG=1",
					"$(inherited)",
				);
				GCC_WARN_64_TO_32_BIT_CONVERSION = YES;
				GCC_WARN_ABOUT_RETURN_TYPE = YES_ERROR;
				GCC_WARN_UNDECLARED_SELECTOR = YES;
				GCC_WARN_UNINITIALIZED_AUTOS = YES_AGGRESSIVE;
				GCC_WARN_UNUSED_FUNCTION = YES;
				GCC_WARN_UNUSED_VARIABLE = YES;
				IPHONEOS_DEPLOYMENT_TARGET = 16.0;
				MTL_ENABLE_DEBUG_INFO = INCLUDE_SOURCE;
				MTL_FAST_MATH = YES;
				ONLY_ACTIVE_ARCH = YES;
				SDKROOT = iphoneos;
				SWIFT_ACTIVE_COMPILATION_CONDITIONS = DEBUG;
				SWIFT_OPTIMIZATION_LEVEL = "-Onone";
			};
			name = Debug;
		};
		8089EE5B299D89920085A80A /* Release */ = {
			isa = XCBuildConfiguration;
			buildSettings = {
				ALWAYS_SEARCH_USER_PATHS = NO;
				CLANG_ANALYZER_NONNULL = YES;
				CLANG_ANALYZER_NUMBER_OBJECT_CONVERSION = YES_AGGRESSIVE;
				CLANG_CXX_LANGUAGE_STANDARD = "gnu++20";
				CLANG_ENABLE_MODULES = YES;
				CLANG_ENABLE_OBJC_ARC = YES;
				CLANG_ENABLE_OBJC_WEAK = YES;
				CLANG_WARN_BLOCK_CAPTURE_AUTORELEASING = YES;
				CLANG_WARN_BOOL_CONVERSION = YES;
				CLANG_WARN_COMMA = YES;
				CLANG_WARN_CONSTANT_CONVERSION = YES;
				CLANG_WARN_DEPRECATED_OBJC_IMPLEMENTATIONS = YES;
				CLANG_WARN_DIRECT_OBJC_ISA_USAGE = YES_ERROR;
				CLANG_WARN_DOCUMENTATION_COMMENTS = YES;
				CLANG_WARN_EMPTY_BODY = YES;
				CLANG_WARN_ENUM_CONVERSION = YES;
				CLANG_WARN_INFINITE_RECURSION = YES;
				CLANG_WARN_INT_CONVERSION = YES;
				CLANG_WARN_NON_LITERAL_NULL_CONVERSION = YES;
				CLANG_WARN_OBJC_IMPLICIT_RETAIN_SELF = YES;
				CLANG_WARN_OBJC_LITERAL_CONVERSION = YES;
				CLANG_WARN_OBJC_ROOT_CLASS = YES_ERROR;
				CLANG_WARN_QUOTED_INCLUDE_IN_FRAMEWORK_HEADER = YES;
				CLANG_WARN_RANGE_LOOP_ANALYSIS = YES;
				CLANG_WARN_STRICT_PROTOTYPES = YES;
				CLANG_WARN_SUSPICIOUS_MOVE = YES;
				CLANG_WARN_UNGUARDED_AVAILABILITY = YES_AGGRESSIVE;
				CLANG_WARN_UNREACHABLE_CODE = YES;
				CLANG_WARN__DUPLICATE_METHOD_MATCH = YES;
				COPY_PHASE_STRIP = NO;
				DEBUG_INFORMATION_FORMAT = "dwarf-with-dsym";
				ENABLE_NS_ASSERTIONS = NO;
				ENABLE_STRICT_OBJC_MSGSEND = YES;
				GCC_C_LANGUAGE_STANDARD = gnu11;
				GCC_NO_COMMON_BLOCKS = YES;
				GCC_WARN_64_TO_32_BIT_CONVERSION = YES;
				GCC_WARN_ABOUT_RETURN_TYPE = YES_ERROR;
				GCC_WARN_UNDECLARED_SELECTOR = YES;
				GCC_WARN_UNINITIALIZED_AUTOS = YES_AGGRESSIVE;
				GCC_WARN_UNUSED_FUNCTION = YES;
				GCC_WARN_UNUSED_VARIABLE = YES;
				IPHONEOS_DEPLOYMENT_TARGET = 16.0;
				MTL_ENABLE_DEBUG_INFO = NO;
				MTL_FAST_MATH = YES;
				SDKROOT = iphoneos;
				SWIFT_COMPILATION_MODE = wholemodule;
				SWIFT_OPTIMIZATION_LEVEL = "-O";
				VALIDATE_PRODUCT = YES;
			};
			name = Release;
		};
		8089EE5D299D89920085A80A /* Debug */ = {
			isa = XCBuildConfiguration;
			buildSettings = {
				ASSETCATALOG_COMPILER_APPICON_NAME = AppIcon;
				ASSETCATALOG_COMPILER_GLOBAL_ACCENT_COLOR_NAME = AccentColor;
				CODE_SIGN_STYLE = Automatic;
				CURRENT_PROJECT_VERSION = 1;
				GENERATE_INFOPLIST_FILE = YES;
				INFOPLIST_FILE = NewsApp/Info.plist;
				INFOPLIST_KEY_UIApplicationSupportsIndirectInputEvents = YES;
				INFOPLIST_KEY_UILaunchStoryboardName = LaunchScreen;
				INFOPLIST_KEY_UIMainStoryboardFile = Main;
				INFOPLIST_KEY_UISupportedInterfaceOrientations_iPad = "UIInterfaceOrientationPortrait UIInterfaceOrientationPortraitUpsideDown UIInterfaceOrientationLandscapeLeft UIInterfaceOrientationLandscapeRight";
				INFOPLIST_KEY_UISupportedInterfaceOrientations_iPhone = "UIInterfaceOrientationPortrait UIInterfaceOrientationLandscapeLeft UIInterfaceOrientationLandscapeRight";
				LD_RUNPATH_SEARCH_PATHS = (
					"$(inherited)",
					"@executable_path/Frameworks",
				);
				MARKETING_VERSION = 1.0;
				PRODUCT_BUNDLE_IDENTIFIER = fr.favremichael.NewsApp;
				PRODUCT_NAME = "$(TARGET_NAME)";
				SWIFT_EMIT_LOC_STRINGS = YES;
				SWIFT_VERSION = 5.0;
				TARGETED_DEVICE_FAMILY = "1,2";
			};
			name = Debug;
		};
		8089EE5E299D89920085A80A /* Release */ = {
			isa = XCBuildConfiguration;
			buildSettings = {
				ASSETCATALOG_COMPILER_APPICON_NAME = AppIcon;
				ASSETCATALOG_COMPILER_GLOBAL_ACCENT_COLOR_NAME = AccentColor;
				CODE_SIGN_STYLE = Automatic;
				CURRENT_PROJECT_VERSION = 1;
				GENERATE_INFOPLIST_FILE = YES;
				INFOPLIST_FILE = NewsApp/Info.plist;
				INFOPLIST_KEY_UIApplicationSupportsIndirectInputEvents = YES;
				INFOPLIST_KEY_UILaunchStoryboardName = LaunchScreen;
				INFOPLIST_KEY_UIMainStoryboardFile = Main;
				INFOPLIST_KEY_UISupportedInterfaceOrientations_iPad = "UIInterfaceOrientationPortrait UIInterfaceOrientationPortraitUpsideDown UIInterfaceOrientationLandscapeLeft UIInterfaceOrientationLandscapeRight";
				INFOPLIST_KEY_UISupportedInterfaceOrientations_iPhone = "UIInterfaceOrientationPortrait UIInterfaceOrientationLandscapeLeft UIInterfaceOrientationLandscapeRight";
				LD_RUNPATH_SEARCH_PATHS = (
					"$(inherited)",
					"@executable_path/Frameworks",
				);
				MARKETING_VERSION = 1.0;
				PRODUCT_BUNDLE_IDENTIFIER = fr.favremichael.NewsApp;
				PRODUCT_NAME = "$(TARGET_NAME)";
				SWIFT_EMIT_LOC_STRINGS = YES;
				SWIFT_VERSION = 5.0;
				TARGETED_DEVICE_FAMILY = "1,2";
			};
			name = Release;
		};
		8089EE60299D89920085A80A /* Debug */ = {
			isa = XCBuildConfiguration;
			buildSettings = {
				ALWAYS_EMBED_SWIFT_STANDARD_LIBRARIES = YES;
				BUNDLE_LOADER = "$(TEST_HOST)";
				CODE_SIGN_STYLE = Automatic;
				CURRENT_PROJECT_VERSION = 1;
				GENERATE_INFOPLIST_FILE = YES;
				IPHONEOS_DEPLOYMENT_TARGET = 16.0;
				MARKETING_VERSION = 1.0;
				PRODUCT_BUNDLE_IDENTIFIER = fr.favremichael.NewsAppTests;
				PRODUCT_NAME = "$(TARGET_NAME)";
				SWIFT_EMIT_LOC_STRINGS = NO;
				SWIFT_VERSION = 5.0;
				TARGETED_DEVICE_FAMILY = "1,2";
				TEST_HOST = "$(BUILT_PRODUCTS_DIR)/NewsApp.app/$(BUNDLE_EXECUTABLE_FOLDER_PATH)/NewsApp";
			};
			name = Debug;
		};
		8089EE61299D89920085A80A /* Release */ = {
			isa = XCBuildConfiguration;
			buildSettings = {
				ALWAYS_EMBED_SWIFT_STANDARD_LIBRARIES = YES;
				BUNDLE_LOADER = "$(TEST_HOST)";
				CODE_SIGN_STYLE = Automatic;
				CURRENT_PROJECT_VERSION = 1;
				GENERATE_INFOPLIST_FILE = YES;
				IPHONEOS_DEPLOYMENT_TARGET = 16.0;
				MARKETING_VERSION = 1.0;
				PRODUCT_BUNDLE_IDENTIFIER = fr.favremichael.NewsAppTests;
				PRODUCT_NAME = "$(TARGET_NAME)";
				SWIFT_EMIT_LOC_STRINGS = NO;
				SWIFT_VERSION = 5.0;
				TARGETED_DEVICE_FAMILY = "1,2";
				TEST_HOST = "$(BUILT_PRODUCTS_DIR)/NewsApp.app/$(BUNDLE_EXECUTABLE_FOLDER_PATH)/NewsApp";
			};
			name = Release;
		};
		8089EE63299D89920085A80A /* Debug */ = {
			isa = XCBuildConfiguration;
			buildSettings = {
				ALWAYS_EMBED_SWIFT_STANDARD_LIBRARIES = YES;
				CODE_SIGN_STYLE = Automatic;
				CURRENT_PROJECT_VERSION = 1;
				GENERATE_INFOPLIST_FILE = YES;
				MARKETING_VERSION = 1.0;
				PRODUCT_BUNDLE_IDENTIFIER = fr.favremichael.NewsAppUITests;
				PRODUCT_NAME = "$(TARGET_NAME)";
				SWIFT_EMIT_LOC_STRINGS = NO;
				SWIFT_VERSION = 5.0;
				TARGETED_DEVICE_FAMILY = "1,2";
				TEST_TARGET_NAME = NewsApp;
			};
			name = Debug;
		};
		8089EE64299D89920085A80A /* Release */ = {
			isa = XCBuildConfiguration;
			buildSettings = {
				ALWAYS_EMBED_SWIFT_STANDARD_LIBRARIES = YES;
				CODE_SIGN_STYLE = Automatic;
				CURRENT_PROJECT_VERSION = 1;
				GENERATE_INFOPLIST_FILE = YES;
				MARKETING_VERSION = 1.0;
				PRODUCT_BUNDLE_IDENTIFIER = fr.favremichael.NewsAppUITests;
				PRODUCT_NAME = "$(TARGET_NAME)";
				SWIFT_EMIT_LOC_STRINGS = NO;
				SWIFT_VERSION = 5.0;
				TARGETED_DEVICE_FAMILY = "1,2";
				TEST_TARGET_NAME = NewsApp;
			};
			name = Release;
		};
/* End XCBuildConfiguration section */

/* Begin XCConfigurationList section */
		8089EE2D299D89900085A80A /* Build configuration list for PBXProject "NewsApp" */ = {
			isa = XCConfigurationList;
			buildConfigurations = (
				8089EE5A299D89920085A80A /* Debug */,
				8089EE5B299D89920085A80A /* Release */,
			);
			defaultConfigurationIsVisible = 0;
			defaultConfigurationName = Release;
		};
		8089EE5C299D89920085A80A /* Build configuration list for PBXNativeTarget "NewsApp" */ = {
			isa = XCConfigurationList;
			buildConfigurations = (
				8089EE5D299D89920085A80A /* Debug */,
				8089EE5E299D89920085A80A /* Release */,
			);
			defaultConfigurationIsVisible = 0;
			defaultConfigurationName = Release;
		};
		8089EE5F299D89920085A80A /* Build configuration list for PBXNativeTarget "NewsAppTests" */ = {
			isa = XCConfigurationList;
			buildConfigurations = (
				8089EE60299D89920085A80A /* Debug */,
				8089EE61299D89920085A80A /* Release */,
			);
			defaultConfigurationIsVisible = 0;
			defaultConfigurationName = Release;
		};
		8089EE62299D89920085A80A /* Build configuration list for PBXNativeTarget "NewsAppUITests" */ = {
			isa = XCConfigurationList;
			buildConfigurations = (
				8089EE63299D89920085A80A /* Debug */,
				8089EE64299D89920085A80A /* Release */,
			);
			defaultConfigurationIsVisible = 0;
			defaultConfigurationName = Release;
		};
/* End XCConfigurationList section */
	};
	rootObject = 8089EE2A299D89900085A80A /* Project object */;
}
